
Microsoft Visual Studio Solution File, Format Version 12.00
# Visual Studio Version 17
VisualStudioVersion = 17.9.34622.214
MinimumVisualStudioVersion = 10.0.40219.1
Project("{FAE04EC0-301F-11D3-BF4B-00C04F79EFBC}") = "ObligatoriskOpgave1_2", "ObligatoriskOpgave1_2\ObligatoriskOpgave1_2.csproj", "{C3927395-7CBC-4510-BF68-93803970F1C0}"
EndProject
Project("{FAE04EC0-301F-11D3-BF4B-00C04F79EFBC}") = "ObligatoriskOpgave1_2Test", "ObligatoriskOpgave1_2Test\ObligatoriskOpgave1_2Test.csproj", "{3C748649-1709-40BF-B3B7-134BAB3516C6}"
EndProject
Global
	GlobalSection(SolutionConfigurationPlatforms) = preSolution
		Debug|Any CPU = Debug|Any CPU
		Release|Any CPU = Release|Any CPU
	EndGlobalSection
	GlobalSection(ProjectConfigurationPlatforms) = postSolution
		{C3927395-7CBC-4510-BF68-93803970F1C0}.Debug|Any CPU.ActiveCfg = Debug|Any CPU
		{C3927395-7CBC-4510-BF68-93803970F1C0}.Debug|Any CPU.Build.0 = Debug|Any CPU
		{C3927395-7CBC-4510-BF68-93803970F1C0}.Release|Any CPU.ActiveCfg = Release|Any CPU
		{C3927395-7CBC-4510-BF68-93803970F1C0}.Release|Any CPU.Build.0 = Release|Any CPU
		{3C748649-1709-40BF-B3B7-134BAB3516C6}.Debug|Any CPU.ActiveCfg = Debug|Any CPU
		{3C748649-1709-40BF-B3B7-134BAB3516C6}.Debug|Any CPU.Build.0 = Debug|Any CPU
		{3C748649-1709-40BF-B3B7-134BAB3516C6}.Release|Any CPU.ActiveCfg = Release|Any CPU
		{3C748649-1709-40BF-B3B7-134BAB3516C6}.Release|Any CPU.Build.0 = Release|Any CPU
	EndGlobalSection
	GlobalSection(SolutionProperties) = preSolution
		HideSolutionNode = FALSE
	EndGlobalSection
	GlobalSection(ExtensibilityGlobals) = postSolution
		SolutionGuid = {4054A25C-8C94-4C13-8850-EC0CCBFCF408}
	EndGlobalSection
EndGlobal
